// !$*UTF8*$!
{
	archiveVersion = 1;
	classes = {
	};
	objectVersion = 46;
	objects = {

/* Begin PBXBuildFile section */
		78A1B1501B7DEF28001C7F4F /* main.m in Sources */ = {isa = PBXBuildFile; fileRef = 78A1B14F1B7DEF28001C7F4F /* main.m */; };
		78A1B1531B7DEF28001C7F4F /* AppDelegate.m in Sources */ = {isa = PBXBuildFile; fileRef = 78A1B1521B7DEF28001C7F4F /* AppDelegate.m */; };
		78A1B1561B7DEF28001C7F4F /* ViewController.m in Sources */ = {isa = PBXBuildFile; fileRef = 78A1B1551B7DEF28001C7F4F /* ViewController.m */; };
		78A1B1591B7DEF28001C7F4F /* Main.storyboard in Resources */ = {isa = PBXBuildFile; fileRef = 78A1B1571B7DEF28001C7F4F /* Main.storyboard */; };
		78A1B15E1B7DEF28001C7F4F /* LaunchScreen.xib in Resources */ = {isa = PBXBuildFile; fileRef = 78A1B15C1B7DEF28001C7F4F /* LaunchScreen.xib */; };
		78A1B16A1B7DEF28001C7F4F /* iPadNumKeyboardTests.m in Sources */ = {isa = PBXBuildFile; fileRef = 78A1B1691B7DEF28001C7F4F /* iPadNumKeyboardTests.m */; };
		78A1B1761B7DF028001C7F4F /* iPadNumKeyboard.m in Sources */ = {isa = PBXBuildFile; fileRef = 78A1B1751B7DF028001C7F4F /* iPadNumKeyboard.m */; };
		78A1B1781B7DF03B001C7F4F /* iPadNumKeyboard.xib in Resources */ = {isa = PBXBuildFile; fileRef = 78A1B1771B7DF03B001C7F4F /* iPadNumKeyboard.xib */; };
		78DAC3331B8C59290013D0A4 /* iPadNumberKeyboardImages.xcassets in Resources */ = {isa = PBXBuildFile; fileRef = 78DAC3321B8C59290013D0A4 /* iPadNumberKeyboardImages.xcassets */; };
		78DAC3351B8C5F0D0013D0A4 /* Images.xcassets in Resources */ = {isa = PBXBuildFile; fileRef = 78DAC3341B8C5F0D0013D0A4 /* Images.xcassets */; };
/* End PBXBuildFile section */

/* Begin PBXContainerItemProxy section */
		78A1B1641B7DEF28001C7F4F /* PBXContainerItemProxy */ = {
			isa = PBXContainerItemProxy;
			containerPortal = 78A1B1421B7DEF28001C7F4F /* Project object */;
			proxyType = 1;
			remoteGlobalIDString = 78A1B1491B7DEF28001C7F4F;
			remoteInfo = iPadNumKeyboard;
		};
/* End PBXContainerItemProxy section */

/* Begin PBXFileReference section */
		78A1B14A1B7DEF28001C7F4F /* iPadNumKeyboard.app */ = {isa = PBXFileReference; explicitFileType = wrapper.application; includeInIndex = 0; path = iPadNumKeyboard.app; sourceTree = BUILT_PRODUCTS_DIR; };
		78A1B14E1B7DEF28001C7F4F /* Info.plist */ = {isa = PBXFileReference; lastKnownFileType = text.plist.xml; path = Info.plist; sourceTree = "<group>"; };
		78A1B14F1B7DEF28001C7F4F /* main.m */ = {isa = PBXFileReference; lastKnownFileType = sourcecode.c.objc; path = main.m; sourceTree = "<group>"; };
		78A1B1511B7DEF28001C7F4F /* AppDelegate.h */ = {isa = PBXFileReference; lastKnownFileType = sourcecode.c.h; path = AppDelegate.h; sourceTree = "<group>"; };
		78A1B1521B7DEF28001C7F4F /* AppDelegate.m */ = {isa = PBXFileReference; lastKnownFileType = sourcecode.c.objc; path = AppDelegate.m; sourceTree = "<group>"; };
		78A1B1541B7DEF28001C7F4F /* ViewController.h */ = {isa = PBXFileReference; lastKnownFileType = sourcecode.c.h; path = ViewController.h; sourceTree = "<group>"; };
		78A1B1551B7DEF28001C7F4F /* ViewController.m */ = {isa = PBXFileReference; lastKnownFileType = sourcecode.c.objc; path = ViewController.m; sourceTree = "<group>"; };
		78A1B1581B7DEF28001C7F4F /* Base */ = {isa = PBXFileReference; lastKnownFileType = file.storyboard; name = Base; path = Base.lproj/Main.storyboard; sourceTree = "<group>"; };
		78A1B15D1B7DEF28001C7F4F /* Base */ = {isa = PBXFileReference; lastKnownFileType = file.xib; name = Base; path = Base.lproj/LaunchScreen.xib; sourceTree = "<group>"; };
		78A1B1631B7DEF28001C7F4F /* iPadNumKeyboardTests.xctest */ = {isa = PBXFileReference; explicitFileType = wrapper.cfbundle; includeInIndex = 0; path = iPadNumKeyboardTests.xctest; sourceTree = BUILT_PRODUCTS_DIR; };
		78A1B1681B7DEF28001C7F4F /* Info.plist */ = {isa = PBXFileReference; lastKnownFileType = text.plist.xml; path = Info.plist; sourceTree = "<group>"; };
		78A1B1691B7DEF28001C7F4F /* iPadNumKeyboardTests.m */ = {isa = PBXFileReference; lastKnownFileType = sourcecode.c.objc; path = iPadNumKeyboardTests.m; sourceTree = "<group>"; };
		78A1B1741B7DF028001C7F4F /* iPadNumKeyboard.h */ = {isa = PBXFileReference; fileEncoding = 4; lastKnownFileType = sourcecode.c.h; path = iPadNumKeyboard.h; sourceTree = "<group>"; };
		78A1B1751B7DF028001C7F4F /* iPadNumKeyboard.m */ = {isa = PBXFileReference; fileEncoding = 4; lastKnownFileType = sourcecode.c.objc; path = iPadNumKeyboard.m; sourceTree = "<group>"; };
		78A1B1771B7DF03B001C7F4F /* iPadNumKeyboard.xib */ = {isa = PBXFileReference; fileEncoding = 4; lastKnownFileType = file.xib; path = iPadNumKeyboard.xib; sourceTree = "<group>"; };
		78DAC3321B8C59290013D0A4 /* iPadNumberKeyboardImages.xcassets */ = {isa = PBXFileReference; lastKnownFileType = folder.assetcatalog; path = iPadNumberKeyboardImages.xcassets; sourceTree = "<group>"; };
		78DAC3341B8C5F0D0013D0A4 /* Images.xcassets */ = {isa = PBXFileReference; lastKnownFileType = folder.assetcatalog; path = Images.xcassets; sourceTree = "<group>"; };
/* End PBXFileReference section */

/* Begin PBXFrameworksBuildPhase section */
		78A1B1471B7DEF28001C7F4F /* Frameworks */ = {
			isa = PBXFrameworksBuildPhase;
			buildActionMask = 2147483647;
			files = (
			);
			runOnlyForDeploymentPostprocessing = 0;
		};
		78A1B1601B7DEF28001C7F4F /* Frameworks */ = {
			isa = PBXFrameworksBuildPhase;
			buildActionMask = 2147483647;
			files = (
			);
			runOnlyForDeploymentPostprocessing = 0;
		};
/* End PBXFrameworksBuildPhase section */

/* Begin PBXGroup section */
		78A1B1411B7DEF28001C7F4F = {
			isa = PBXGroup;
			children = (
				78A1B14C1B7DEF28001C7F4F /* iPadNumKeyboard */,
				78A1B1661B7DEF28001C7F4F /* iPadNumKeyboardTests */,
				78A1B14B1B7DEF28001C7F4F /* Products */,
			);
			sourceTree = "<group>";
		};
		78A1B14B1B7DEF28001C7F4F /* Products */ = {
			isa = PBXGroup;
			children = (
				78A1B14A1B7DEF28001C7F4F /* iPadNumKeyboard.app */,
				78A1B1631B7DEF28001C7F4F /* iPadNumKeyboardTests.xctest */,
			);
			name = Products;
			sourceTree = "<group>";
		};
		78A1B14C1B7DEF28001C7F4F /* iPadNumKeyboard */ = {
			isa = PBXGroup;
			children = (
				78A1B1731B7DF00B001C7F4F /* keyboard */,
				78A1B1511B7DEF28001C7F4F /* AppDelegate.h */,
				78A1B1521B7DEF28001C7F4F /* AppDelegate.m */,
				78A1B1541B7DEF28001C7F4F /* ViewController.h */,
				78A1B1551B7DEF28001C7F4F /* ViewController.m */,
				78A1B1571B7DEF28001C7F4F /* Main.storyboard */,
				78A1B15C1B7DEF28001C7F4F /* LaunchScreen.xib */,
				78DAC3341B8C5F0D0013D0A4 /* Images.xcassets */,
				78A1B14D1B7DEF28001C7F4F /* Supporting Files */,
			);
			path = iPadNumKeyboard;
			sourceTree = "<group>";
		};
		78A1B14D1B7DEF28001C7F4F /* Supporting Files */ = {
			isa = PBXGroup;
			children = (
				78A1B14E1B7DEF28001C7F4F /* Info.plist */,
				78A1B14F1B7DEF28001C7F4F /* main.m */,
			);
			name = "Supporting Files";
			sourceTree = "<group>";
		};
		78A1B1661B7DEF28001C7F4F /* iPadNumKeyboardTests */ = {
			isa = PBXGroup;
			children = (
				78A1B1691B7DEF28001C7F4F /* iPadNumKeyboardTests.m */,
				78A1B1671B7DEF28001C7F4F /* Supporting Files */,
			);
			path = iPadNumKeyboardTests;
			sourceTree = "<group>";
		};
		78A1B1671B7DEF28001C7F4F /* Supporting Files */ = {
			isa = PBXGroup;
			children = (
				78A1B1681B7DEF28001C7F4F /* Info.plist */,
			);
			name = "Supporting Files";
			sourceTree = "<group>";
		};
		78A1B1731B7DF00B001C7F4F /* keyboard */ = {
			isa = PBXGroup;
			children = (
				78A1B1741B7DF028001C7F4F /* iPadNumKeyboard.h */,
				78A1B1751B7DF028001C7F4F /* iPadNumKeyboard.m */,
				78A1B1771B7DF03B001C7F4F /* iPadNumKeyboard.xib */,
				78DAC3321B8C59290013D0A4 /* iPadNumberKeyboardImages.xcassets */,
			);
			name = keyboard;
			sourceTree = "<group>";
		};
/* End PBXGroup section */

/* Begin PBXNativeTarget section */
		78A1B1491B7DEF28001C7F4F /* iPadNumKeyboard */ = {
			isa = PBXNativeTarget;
			buildConfigurationList = 78A1B16D1B7DEF28001C7F4F /* Build configuration list for PBXNativeTarget "iPadNumKeyboard" */;
			buildPhases = (
				78A1B1461B7DEF28001C7F4F /* Sources */,
				78A1B1471B7DEF28001C7F4F /* Frameworks */,
				78A1B1481B7DEF28001C7F4F /* Resources */,
			);
			buildRules = (
			);
			dependencies = (
			);
			name = iPadNumKeyboard;
			productName = iPadNumKeyboard;
			productReference = 78A1B14A1B7DEF28001C7F4F /* iPadNumKeyboard.app */;
			productType = "com.apple.product-type.application";
		};
		78A1B1621B7DEF28001C7F4F /* iPadNumKeyboardTests */ = {
			isa = PBXNativeTarget;
			buildConfigurationList = 78A1B1701B7DEF28001C7F4F /* Build configuration list for PBXNativeTarget "iPadNumKeyboardTests" */;
			buildPhases = (
				78A1B15F1B7DEF28001C7F4F /* Sources */,
				78A1B1601B7DEF28001C7F4F /* Frameworks */,
				78A1B1611B7DEF28001C7F4F /* Resources */,
			);
			buildRules = (
			);
			dependencies = (
				78A1B1651B7DEF28001C7F4F /* PBXTargetDependency */,
			);
			name = iPadNumKeyboardTests;
			productName = iPadNumKeyboardTests;
			productReference = 78A1B1631B7DEF28001C7F4F /* iPadNumKeyboardTests.xctest */;
			productType = "com.apple.product-type.bundle.unit-test";
		};
/* End PBXNativeTarget section */

/* Begin PBXProject section */
		78A1B1421B7DEF28001C7F4F /* Project object */ = {
			isa = PBXProject;
			attributes = {
				LastUpgradeCheck = 0640;
				ORGANIZATIONNAME = "Jiri Zachar";
				TargetAttributes = {
					78A1B1491B7DEF28001C7F4F = {
						CreatedOnToolsVersion = 6.4;
					};
					78A1B1621B7DEF28001C7F4F = {
						CreatedOnToolsVersion = 6.4;
						TestTargetID = 78A1B1491B7DEF28001C7F4F;
					};
				};
			};
			buildConfigurationList = 78A1B1451B7DEF28001C7F4F /* Build configuration list for PBXProject "iPadNumKeyboard" */;
			compatibilityVersion = "Xcode 3.2";
			developmentRegion = English;
			hasScannedForEncodings = 0;
			knownRegions = (
				en,
				Base,
			);
			mainGroup = 78A1B1411B7DEF28001C7F4F;
			productRefGroup = 78A1B14B1B7DEF28001C7F4F /* Products */;
			projectDirPath = "";
			projectRoot = "";
			targets = (
				78A1B1491B7DEF28001C7F4F /* iPadNumKeyboard */,
				78A1B1621B7DEF28001C7F4F /* iPadNumKeyboardTests */,
			);
		};
/* End PBXProject section */

/* Begin PBXResourcesBuildPhase section */
		78A1B1481B7DEF28001C7F4F /* Resources */ = {
			isa = PBXResourcesBuildPhase;
			buildActionMask = 2147483647;
			files = (
				78A1B1591B7DEF28001C7F4F /* Main.storyboard in Resources */,
				78DAC3351B8C5F0D0013D0A4 /* Images.xcassets in Resources */,
				78DAC3331B8C59290013D0A4 /* iPadNumberKeyboardImages.xcassets in Resources */,
				78A1B15E1B7DEF28001C7F4F /* LaunchScreen.xib in Resources */,
				78A1B1781B7DF03B001C7F4F /* iPadNumKeyboard.xib in Resources */,
			);
			runOnlyForDeploymentPostprocessing = 0;
		};
		78A1B1611B7DEF28001C7F4F /* Resources */ = {
			isa = PBXResourcesBuildPhase;
			buildActionMask = 2147483647;
			files = (
			);
			runOnlyForDeploymentPostprocessing = 0;
		};
/* End PBXResourcesBuildPhase section */

/* Begin PBXSourcesBuildPhase section */
		78A1B1461B7DEF28001C7F4F /* Sources */ = {
			isa = PBXSourcesBuildPhase;
			buildActionMask = 2147483647;
			files = (
				78A1B1561B7DEF28001C7F4F /* ViewController.m in Sources */,
				78A1B1531B7DEF28001C7F4F /* AppDelegate.m in Sources */,
				78A1B1501B7DEF28001C7F4F /* main.m in Sources */,
				78A1B1761B7DF028001C7F4F /* iPadNumKeyboard.m in Sources */,
			);
			runOnlyForDeploymentPostprocessing = 0;
		};
		78A1B15F1B7DEF28001C7F4F /* Sources */ = {
			isa = PBXSourcesBuildPhase;
			buildActionMask = 2147483647;
			files = (
				78A1B16A1B7DEF28001C7F4F /* iPadNumKeyboardTests.m in Sources */,
			);
			runOnlyForDeploymentPostprocessing = 0;
		};
/* End PBXSourcesBuildPhase section */

/* Begin PBXTargetDependency section */
		78A1B1651B7DEF28001C7F4F /* PBXTargetDependency */ = {
			isa = PBXTargetDependency;
			target = 78A1B1491B7DEF28001C7F4F /* iPadNumKeyboard */;
			targetProxy = 78A1B1641B7DEF28001C7F4F /* PBXContainerItemProxy */;
		};
/* End PBXTargetDependency section */

/* Begin PBXVariantGroup section */
		78A1B1571B7DEF28001C7F4F /* Main.storyboard */ = {
			isa = PBXVariantGroup;
			children = (
				78A1B1581B7DEF28001C7F4F /* Base */,
			);
			name = Main.storyboard;
			sourceTree = "<group>";
		};
		78A1B15C1B7DEF28001C7F4F /* LaunchScreen.xib */ = {
			isa = PBXVariantGroup;
			children = (
				78A1B15D1B7DEF28001C7F4F /* Base */,
			);
			name = LaunchScreen.xib;
			sourceTree = "<group>";
		};
/* End PBXVariantGroup section */

/* Begin XCBuildConfiguration section */
		78A1B16B1B7DEF28001C7F4F /* Debug */ = {
			isa = XCBuildConfiguration;
			buildSettings = {
				ALWAYS_SEARCH_USER_PATHS = NO;
				CLANG_CXX_LANGUAGE_STANDARD = "gnu++0x";
				CLANG_CXX_LIBRARY = "libc++";
				CLANG_ENABLE_MODULES = YES;
				CLANG_ENABLE_OBJC_ARC = YES;
				CLANG_WARN_BOOL_CONVERSION = YES;
				CLANG_WARN_CONSTANT_CONVERSION = YES;
				CLANG_WARN_DIRECT_OBJC_ISA_USAGE = YES_ERROR;
				CLANG_WARN_EMPTY_BODY = YES;
				CLANG_WARN_ENUM_CONVERSION = YES;
				CLANG_WARN_INT_CONVERSION = YES;
				CLANG_WARN_OBJC_ROOT_CLASS = YES_ERROR;
				CLANG_WARN_UNREACHABLE_CODE = YES;
				CLANG_WARN__DUPLICATE_METHOD_MATCH = YES;
				"CODE_SIGN_IDENTITY[sdk=iphoneos*]" = "iPhone Developer";
				COPY_PHASE_STRIP = NO;
				DEBUG_INFORMATION_FORMAT = "dwarf-with-dsym";
				ENABLE_STRICT_OBJC_MSGSEND = YES;
				GCC_C_LANGUAGE_STANDARD = gnu99;
				GCC_DYNAMIC_NO_PIC = NO;
				GCC_NO_COMMON_BLOCKS = YES;
				GCC_OPTIMIZATION_LEVEL = 0;
				GCC_PREPROCESSOR_DEFINITIONS = (
					"DEBUG=1",
					"$(inherited)",
				);
				GCC_SYMBOLS_PRIVATE_EXTERN = NO;
				GCC_WARN_64_TO_32_BIT_CONVERSION = YES;
				GCC_WARN_ABOUT_RETURN_TYPE = YES_ERROR;
				GCC_WARN_UNDECLARED_SELECTOR = YES;
				GCC_WARN_UNINITIALIZED_AUTOS = YES_AGGRESSIVE;
				GCC_WARN_UNUSED_FUNCTION = YES;
				GCC_WARN_UNUSED_VARIABLE = YES;
				IPHONEOS_DEPLOYMENT_TARGET = 8.4;
				MTL_ENABLE_DEBUG_INFO = YES;
				ONLY_ACTIVE_ARCH = YES;
				SDKROOT = iphoneos;
			};
			name = Debug;
		};
		78A1B16C1B7DEF28001C7F4F /* Release */ = {
			isa = XCBuildConfiguration;
			buildSettings = {
				ALWAYS_SEARCH_USER_PATHS = NO;
				CLANG_CXX_LANGUAGE_STANDARD = "gnu++0x";
				CLANG_CXX_LIBRARY = "libc++";
				CLANG_ENABLE_MODULES = YES;
				CLANG_ENABLE_OBJC_ARC = YES;
				CLANG_WARN_BOOL_CONVERSION = YES;
				CLANG_WARN_CONSTANT_CONVERSION = YES;
				CLANG_WARN_DIRECT_OBJC_ISA_USAGE = YES_ERROR;
				CLANG_WARN_EMPTY_BODY = YES;
				CLANG_WARN_ENUM_CONVERSION = YES;
				CLANG_WARN_INT_CONVERSION = YES;
				CLANG_WARN_OBJC_ROOT_CLASS = YES_ERROR;
				CLANG_WARN_UNREACHABLE_CODE = YES;
				CLANG_WARN__DUPLICATE_METHOD_MATCH = YES;
				"CODE_SIGN_IDENTITY[sdk=iphoneos*]" = "iPhone Developer";
				COPY_PHASE_STRIP = NO;
				DEBUG_INFORMATION_FORMAT = "dwarf-with-dsym";
				ENABLE_NS_ASSERTIONS = NO;
				ENABLE_STRICT_OBJC_MSGSEND = YES;
				GCC_C_LANGUAGE_STANDARD = gnu99;
				GCC_NO_COMMON_BLOCKS = YES;
				GCC_WARN_64_TO_32_BIT_CONVERSION = YES;
				GCC_WARN_ABOUT_RETURN_TYPE = YES_ERROR;
				GCC_WARN_UNDECLARED_SELECTOR = YES;
				GCC_WARN_UNINITIALIZED_AUTOS = YES_AGGRESSIVE;
				GCC_WARN_UNUSED_FUNCTION = YES;
				GCC_WARN_UNUSED_VARIABLE = YES;
				IPHONEOS_DEPLOYMENT_TARGET = 8.4;
				MTL_ENABLE_DEBUG_INFO = NO;
				SDKROOT = iphoneos;
				VALIDATE_PRODUCT = YES;
			};
			name = Release;
		};
		78A1B16E1B7DEF28001C7F4F /* Debug */ = {
			isa = XCBuildConfiguration;
			buildSettings = {
				ASSETCATALOG_COMPILER_APPICON_NAME = AppIcon;
				ASSETCATALOG_COMPILER_LAUNCHIMAGE_NAME = LaunchImage;
				INFOPLIST_FILE = iPadNumKeyboard/Info.plist;
				LD_RUNPATH_SEARCH_PATHS = "$(inherited) @executable_path/Frameworks";
				PRODUCT_NAME = "$(TARGET_NAME)";
				TARGETED_DEVICE_FAMILY = 2;
			};
			name = Debug;
		};
		78A1B16F1B7DEF28001C7F4F /* Release */ = {
			isa = XCBuildConfiguration;
			buildSettings = {
				ASSETCATALOG_COMPILER_APPICON_NAME = AppIcon;
				ASSETCATALOG_COMPILER_LAUNCHIMAGE_NAME = LaunchImage;
				INFOPLIST_FILE = iPadNumKeyboard/Info.plist;
				LD_RUNPATH_SEARCH_PATHS = "$(inherited) @executable_path/Frameworks";
				PRODUCT_NAME = "$(TARGET_NAME)";
				TARGETED_DEVICE_FAMILY = 2;
			};
			name = Release;
		};
		78A1B1711B7DEF28001C7F4F /* Debug */ = {
			isa = XCBuildConfiguration;
			buildSettings = {
				BUNDLE_LOADER = "$(TEST_HOST)";
				FRAMEWORK_SEARCH_PATHS = (
					"$(SDKROOT)/Developer/Library/Frameworks",
					"$(inherited)",
				);
				GCC_PREPROCESSOR_DEFINITIONS = (
					"DEBUG=1",
					"$(inherited)",
				);
				INFOPLIST_FILE = iPadNumKeyboardTests/Info.plist;
				LD_RUNPATH_SEARCH_PATHS = "$(inherited) @executable_path/Frameworks @loader_path/Frameworks";
				PRODUCT_NAME = "$(TARGET_NAME)";
				TEST_HOST = "$(BUILT_PRODUCTS_DIR)/iPadNumKeyboard.app/iPadNumKeyboard";
			};
			name = Debug;
		};
		78A1B1721B7DEF28001C7F4F /* Release */ = {
			isa = XCBuildConfiguration;
			buildSettings = {
				BUNDLE_LOADER = "$(TEST_HOST)";
				FRAMEWORK_SEARCH_PATHS = (
					"$(SDKROOT)/Developer/Library/Frameworks",
					"$(inherited)",
				);
				INFOPLIST_FILE = iPadNumKeyboardTests/Info.plist;
				LD_RUNPATH_SEARCH_PATHS = "$(inherited) @executable_path/Frameworks @loader_path/Frameworks";
				PRODUCT_NAME = "$(TARGET_NAME)";
				TEST_HOST = "$(BUILT_PRODUCTS_DIR)/iPadNumKeyboard.app/iPadNumKeyboard";
			};
			name = Release;
		};
/* End XCBuildConfiguration section */

/* Begin XCConfigurationList section */
		78A1B1451B7DEF28001C7F4F /* Build configuration list for PBXProject "iPadNumKeyboard" */ = {
			isa = XCConfigurationList;
			buildConfigurations = (
				78A1B16B1B7DEF28001C7F4F /* Debug */,
				78A1B16C1B7DEF28001C7F4F /* Release */,
			);
			defaultConfigurationIsVisible = 0;
			defaultConfigurationName = Release;
		};
		78A1B16D1B7DEF28001C7F4F /* Build configuration list for PBXNativeTarget "iPadNumKeyboard" */ = {
			isa = XCConfigurationList;
			buildConfigurations = (
				78A1B16E1B7DEF28001C7F4F /* Debug */,
				78A1B16F1B7DEF28001C7F4F /* Release */,
			);
			defaultConfigurationIsVisible = 0;
			defaultConfigurationName = Release;
		};
		78A1B1701B7DEF28001C7F4F /* Build configuration list for PBXNativeTarget "iPadNumKeyboardTests" */ = {
			isa = XCConfigurationList;
			buildConfigurations = (
				78A1B1711B7DEF28001C7F4F /* Debug */,
				78A1B1721B7DEF28001C7F4F /* Release */,
			);
			defaultConfigurationIsVisible = 0;
			defaultConfigurationName = Release;
		};
/* End XCConfigurationList section */
	};
	rootObject = 78A1B1421B7DEF28001C7F4F /* Project object */;
}
